# THIS IS AN AUTOGENERATED FILE. DO NOT EDIT THIS FILE DIRECTLY.
# yarn lockfile v1


"@types/react-dom@^0.14.23":
  version "0.14.23"
  resolved "https://registry.yarnpkg.com/@types/react-dom/-/react-dom-0.14.23.tgz#cecfcfad754b4c2765fe5d29b81b301889ad6c2e"
  dependencies:
    "@types/react" "*"

"@types/react@*", "@types/react@^15.0.21":
  version "15.0.21"
  resolved "https://registry.yarnpkg.com/@types/react/-/react-15.0.21.tgz#29d849427237c1463abfb7b370755ee3e5b5b375"

preact-compat@^3.14.3:
  version "3.14.3"
  resolved "https://registry.yarnpkg.com/preact-compat/-/preact-compat-3.14.3.tgz#88fa9c5a1dc749ab45e4c7f1fc755455ebb125b4"
  dependencies:
    preact-render-to-string "^3.6.0"
    preact-transition-group "^1.1.0"
    proptypes "^0.14.3"
    standalone-react-addons-pure-render-mixin "^0.1.1"

preact-render-to-string@^3.6.0:
  version "3.6.0"
  resolved "https://registry.yarnpkg.com/preact-render-to-string/-/preact-render-to-string-3.6.0.tgz#03a49d2d755a766c3d421e8b06d6edbb33ed6bde"
  dependencies:
    pretty-format "^3.5.1"

preact-transition-group@^1.1.0:
  version "1.1.0"
  resolved "https://registry.yarnpkg.com/preact-transition-group/-/preact-transition-group-1.1.0.tgz#97d0beff0790d721faecd2560c02cd30d5426f23"

preact@^8.1.0:
  version "8.1.0"
  resolved "https://registry.yarnpkg.com/preact/-/preact-8.1.0.tgz#f035b808eebb74e46d56246b02ca0f190b6d6574"

pretty-format@^3.5.1:
  version "3.8.0"
  resolved "https://registry.yarnpkg.com/pretty-format/-/pretty-format-3.8.0.tgz#bfbed56d5e9a776645f4b1ff7aa1a3ac4fa3c385"

proptypes@^0.14.3:
  version "0.14.4"
  resolved "https://registry.yarnpkg.com/proptypes/-/proptypes-0.14.4.tgz#1ead7600d44472a614aa1cf0c4cccee7d867997d"

standalone-react-addons-pure-render-mixin@^0.1.1:
  version "0.1.1"
  resolved "https://registry.yarnpkg.com/standalone-react-addons-pure-render-mixin/-/standalone-react-addons-pure-render-mixin-0.1.1.tgz#3c7409f4c79c40de9ac72c616cf679a994f37551"
